
Microsoft Visual Studio Solution File, Format Version 12.00
# Visual Studio Version 17
VisualStudioVersion = 17.5.002.0
MinimumVisualStudioVersion = 10.0.40219.1
Project("{9A19103F-16F7-4668-BE54-9A1E7A4F7556}") = "datadons-backend", "datadons-backend.csproj", "{9E7B1762-96F8-4BBC-AED7-F9D1AD3EFD9C}"
EndProject
Global
	GlobalSection(SolutionConfigurationPlatforms) = preSolution
		Debug|Any CPU = Debug|Any CPU
		Release|Any CPU = Release|Any CPU
	EndGlobalSection
	GlobalSection(ProjectConfigurationPlatforms) = postSolution
		{9E7B1762-96F8-4BBC-AED7-F9D1AD3EFD9C}.Debug|Any CPU.ActiveCfg = Debug|Any CPU
		{9E7B1762-96F8-4BBC-AED7-F9D1AD3EFD9C}.Debug|Any CPU.Build.0 = Debug|Any CPU
		{9E7B1762-96F8-4BBC-AED7-F9D1AD3EFD9C}.Release|Any CPU.ActiveCfg = Release|Any CPU
		{9E7B1762-96F8-4BBC-AED7-F9D1AD3EFD9C}.Release|Any CPU.Build.0 = Release|Any CPU
	EndGlobalSection
	GlobalSection(SolutionProperties) = preSolution
		HideSolutionNode = FALSE
	EndGlobalSection
	GlobalSection(ExtensibilityGlobals) = postSolution
		SolutionGuid = {CC190C7A-A882-4F9C-BEB9-F60F955DCED4}
	EndGlobalSection
EndGlobal
